# This file is autogenerated, do not edit; changes may be undone by the next 'dep ensure'.


[[projects]]
  branch = "master"
  name = "github.com/SparkPost/gosparkpost"
  packages = ["events"]
  revision = "4c6d2a3be65810be883c869868a74e677df2881b"

[[projects]]
  name = "github.com/ant0ine/go-json-rest"
  packages = ["rest","rest/test","rest/trie"]
  revision = "ce4b71cdf7ba29ef443d704bd923f5bbf281ee30"
  version = "v3.3.2"

[solve-meta]
  analyzer-name = "dep"
  analyzer-version = 1
  inputs-digest = "696de2f08f183611cdacac0da0823278ee9537116f17d7aff910aa20e6c692ec"
  solver-name = "gps-cdcl"
  solver-version = 1
